
Microsoft Visual Studio Solution File, Format Version 12.00
# Visual Studio Version 17
VisualStudioVersion = 17.7.34003.232
MinimumVisualStudioVersion = 10.0.40219.1
Project("{FAE04EC0-301F-11D3-BF4B-00C04F79EFBC}") = "127_WebAPIProductsReviews", "127_WebAPIProductsReviews\127_WebAPIProductsReviews.csproj", "{8458D61E-07CB-4850-B6AF-47B6FF748026}"
EndProject
Global
	GlobalSection(SolutionConfigurationPlatforms) = preSolution
		Debug|Any CPU = Debug|Any CPU
		Release|Any CPU = Release|Any CPU
	EndGlobalSection
	GlobalSection(ProjectConfigurationPlatforms) = postSolution
		{8458D61E-07CB-4850-B6AF-47B6FF748026}.Debug|Any CPU.ActiveCfg = Debug|Any CPU
		{8458D61E-07CB-4850-B6AF-47B6FF748026}.Debug|Any CPU.Build.0 = Debug|Any CPU
		{8458D61E-07CB-4850-B6AF-47B6FF748026}.Release|Any CPU.ActiveCfg = Release|Any CPU
		{8458D61E-07CB-4850-B6AF-47B6FF748026}.Release|Any CPU.Build.0 = Release|Any CPU
	EndGlobalSection
	GlobalSection(SolutionProperties) = preSolution
		HideSolutionNode = FALSE
	EndGlobalSection
	GlobalSection(ExtensibilityGlobals) = postSolution
		SolutionGuid = {7D5650AA-1856-413A-9E6A-9F63D0167907}
	EndGlobalSection
EndGlobal
